
Microsoft Visual Studio Solution File, Format Version 12.00
# Visual Studio Version 16
VisualStudioVersion = 16.0.29020.237
MinimumVisualStudioVersion = 10.0.40219.1
Project("{FAE04EC0-301F-11D3-BF4B-00C04F79EFBC}") = "Voice-Call-Client", "Voice-Call-Client\Voice-Call-Client.csproj", "{3609839A-672A-47E4-8663-790781143D5E}"
EndProject
Project("{FAE04EC0-301F-11D3-BF4B-00C04F79EFBC}") = "Voice-Call-Server", "Voice-Call-Server\Voice-Call-Server.csproj", "{E6A202AA-811E-44FA-96EF-6E704603B95D}"
EndProject
Global
	GlobalSection(SolutionConfigurationPlatforms) = preSolution
		Debug|Any CPU = Debug|Any CPU
		Release|Any CPU = Release|Any CPU
	EndGlobalSection
	GlobalSection(ProjectConfigurationPlatforms) = postSolution
		{3609839A-672A-47E4-8663-790781143D5E}.Debug|Any CPU.ActiveCfg = Debug|Any CPU
		{3609839A-672A-47E4-8663-790781143D5E}.Debug|Any CPU.Build.0 = Debug|Any CPU
		{3609839A-672A-47E4-8663-790781143D5E}.Release|Any CPU.ActiveCfg = Release|Any CPU
		{3609839A-672A-47E4-8663-790781143D5E}.Release|Any CPU.Build.0 = Release|Any CPU
		{E6A202AA-811E-44FA-96EF-6E704603B95D}.Debug|Any CPU.ActiveCfg = Debug|Any CPU
		{E6A202AA-811E-44FA-96EF-6E704603B95D}.Debug|Any CPU.Build.0 = Debug|Any CPU
		{E6A202AA-811E-44FA-96EF-6E704603B95D}.Release|Any CPU.ActiveCfg = Release|Any CPU
		{E6A202AA-811E-44FA-96EF-6E704603B95D}.Release|Any CPU.Build.0 = Release|Any CPU
	EndGlobalSection
	GlobalSection(SolutionProperties) = preSolution
		HideSolutionNode = FALSE
	EndGlobalSection
	GlobalSection(ExtensibilityGlobals) = postSolution
		SolutionGuid = {5D6B45A9-01F4-4A7F-A87E-D35807D19ED5}
	EndGlobalSection
EndGlobal
